
Microsoft Visual Studio Solution File, Format Version 11.00
# Visual Studio 2010
Project("{FAE04EC0-301F-11D3-BF4B-00C04F79EFBC}") = "MiniGameP", "Assembly-CSharp.csproj", "{91EBD3E7-E8AD-6CEF-8F80-CD97A12F5A1B}"
EndProject
Global
	GlobalSection(SolutionConfigurationPlatforms) = preSolution
		Debug|Any CPU = Debug|Any CPU
		Release|Any CPU = Release|Any CPU
	EndGlobalSection
	GlobalSection(ProjectConfigurationPlatforms) = postSolution
		{91EBD3E7-E8AD-6CEF-8F80-CD97A12F5A1B}.Debug|Any CPU.ActiveCfg = Debug|Any CPU
		{91EBD3E7-E8AD-6CEF-8F80-CD97A12F5A1B}.Debug|Any CPU.Build.0 = Debug|Any CPU
		{91EBD3E7-E8AD-6CEF-8F80-CD97A12F5A1B}.Release|Any CPU.ActiveCfg = Release|Any CPU
		{91EBD3E7-E8AD-6CEF-8F80-CD97A12F5A1B}.Release|Any CPU.Build.0 = Release|Any CPU
	EndGlobalSection
	GlobalSection(SolutionProperties) = preSolution
		HideSolutionNode = FALSE
	EndGlobalSection
	GlobalSection(MonoDevelopProperties) = preSolution
		StartupItem = Assembly-CSharp.csproj
	EndGlobalSection
EndGlobal
